<?xml version="1.0" encoding="utf-8"?>
<Project ToolsVersion="4.0" xmlns="http://schemas.microsoft.com/developer/msbuild/2003">
  <ItemGroup>
    <Filter Include="Source Files">
      <UniqueIdentifier>{4FC737F1-C7A5-4376-A066-2A32D752A2FF}</UniqueIdentifier>
      <Extensions>cpp;c;cc;cxx;def;odl;idl;hpj;bat;asm;asmx</Extensions>
    </Filter>
    <Filter Include="Header Files">
      <UniqueIdentifier>{93995380-89BD-4b04-88EB-625FBE52EBFB}</UniqueIdentifier>
      <Extensions>h;hh;hpp;hxx;hm;inl;inc;ipp;xsd</Extensions>
    </Filter>
    <Filter Include="Resource Files">
      <UniqueIdentifier>{67DA6AB6-F800-4c08-8B7A-83BB121AAD01}</UniqueIdentifier>
      <Extensions>rc;ico;cur;bmp;dlg;rc2;rct;bin;rgs;gif;jpg;jpeg;jpe;resx;tiff;tif;png;wav;mfcribbon-ms</Extensions>
    </Filter>
    <Filter Include="Source Files\UDP">
      <UniqueIdentifier>{6ecd4fa9-22d7-4d78-9edd-548a6abe7564}</UniqueIdentifier>
    </Filter>
    <Filter Include="Source Files\Ranklist">
      <UniqueIdentifier>{506cc55b-753e-48a6-81c9-b9e64a5f8dc0}</UniqueIdentifier>
    </Filter>
    <Filter Include="Source Files\Login">
      <UniqueIdentifier>{24520e73-e541-48d4-9988-43941babd663}</UniqueIdentifier>
    </Filter>
    <Filter Include="Source Files\Elements">
      <UniqueIdentifier>{6582ceb9-085b-4182-ab82-d163f9f0a919}</UniqueIdentifier>
    </Filter>
  </ItemGroup>
  <ItemGroup>
    <ClCompile Include="main.cpp">
      <Filter>Source Files</Filter>
    </ClCompile>
    <ClCompile Include="Animation.cpp">
      <Filter>Source Files</Filter>
    </ClCompile>
    <ClCompile Include="Player.cpp">
      <Filter>Source Files</Filter>
    </ClCompile>
    <ClCompile Include="Collider.cpp">
      <Filter>Source Files</Filter>
    </ClCompile>
    <ClCompile Include="Platform.cpp">
      <Filter>Source Files</Filter>
    </ClCompile>
    <ClCompile Include="Obstacle.cpp">
      <Filter>Source Files</Filter>
    </ClCompile>
    <ClCompile Include="Gameplay.cpp">
      <Filter>Source Files</Filter>
    </ClCompile>
    <ClCompile Include="Login\login.cpp">
      <Filter>Source Files\Login</Filter>
    </ClCompile>
    <ClCompile Include="Ranklist\ranklist.cpp">
      <Filter>Source Files\Ranklist</Filter>
    </ClCompile>
    <ClCompile Include="UDP\udp_client_receiver.cpp">
      <Filter>Source Files\UDP</Filter>
    </ClCompile>
    <ClCompile Include="UDP\udp_client_sender.cpp">
      <Filter>Source Files\UDP</Filter>
    </ClCompile>
    <ClCompile Include="Elements\Button.cpp">
      <Filter>Source Files\Elements</Filter>
    </ClCompile>
    <ClCompile Include="Elements\TextBox.cpp">
      <Filter>Source Files\Elements</Filter>
    </ClCompile>
    <ClCompile Include="Displayer.cpp">
      <Filter>Source Files</Filter>
    </ClCompile>
  </ItemGroup>
  <ItemGroup>
    <ClInclude Include="Animation.h">
      <Filter>Header Files</Filter>
    </ClInclude>
    <ClInclude Include="Player.h">
      <Filter>Header Files</Filter>
    </ClInclude>
    <ClInclude Include="Collider.h">
      <Filter>Header Files</Filter>
    </ClInclude>
    <ClInclude Include="Platform.h">
      <Filter>Header Files</Filter>
    </ClInclude>
    <ClInclude Include="Obstacle.h">
      <Filter>Header Files</Filter>
    </ClInclude>
    <ClInclude Include="resource.h">
      <Filter>Header Files</Filter>
    </ClInclude>
    <ClInclude Include="Gameplay.h">
      <Filter>Header Files</Filter>
    </ClInclude>
    <ClInclude Include="Login\login.h">
      <Filter>Source Files\Login</Filter>
    </ClInclude>
    <ClInclude Include="Ranklist\ranklist.h">
      <Filter>Source Files\Ranklist</Filter>
    </ClInclude>
    <ClInclude Include="UDP\udp_client_receiver.h">
      <Filter>Source Files\UDP</Filter>
    </ClInclude>
    <ClInclude Include="UDP\udp_client_sender.h">
      <Filter>Source Files\UDP</Filter>
    </ClInclude>
    <ClInclude Include="UDP\udp_config.h">
      <Filter>Source Files\UDP</Filter>
    </ClInclude>
    <ClInclude Include="Elements\Button.h">
      <Filter>Source Files\Elements</Filter>
    </ClInclude>
    <ClInclude Include="Elements\TextBox.h">
      <Filter>Source Files\Elements</Filter>
    </ClInclude>
    <ClInclude Include="Displayer.h">
      <Filter>Header Files</Filter>
    </ClInclude>
  </ItemGroup>
</Project>